
Microsoft Visual Studio Solution File, Format Version 12.00
# Visual Studio 15
VisualStudioVersion = 15.0.28010.2041
MinimumVisualStudioVersion = 10.0.40219.1
Project("{9A19103F-16F7-4668-BE54-9A1E7A4F7556}") = "WebApplication1", "WebApplication1\WebApplication1.csproj", "{1C34B31A-47F9-4191-A92E-060952DB3A48}"
EndProject
Project("{151D2E53-A2C4-4D7D-83FE-D05416EBD58E}") = "WebApp", "WebApp\WebApp.deployproj", "{290185D9-4CC5-4124-A719-FBBD7D245D49}"
EndProject
Project("{FAE04EC0-301F-11D3-BF4B-00C04F79EFBC}") = "SeleniumDemo", "SeleniumDemo\SeleniumDemo.csproj", "{2B12D7DE-FF02-4F84-875A-BCE61F1CF278}"
EndProject
Global
	GlobalSection(SolutionConfigurationPlatforms) = preSolution
		Debug|Any CPU = Debug|Any CPU
		Release|Any CPU = Release|Any CPU
	EndGlobalSection
	GlobalSection(ProjectConfigurationPlatforms) = postSolution
		{1C34B31A-47F9-4191-A92E-060952DB3A48}.Debug|Any CPU.ActiveCfg = Debug|Any CPU
		{1C34B31A-47F9-4191-A92E-060952DB3A48}.Debug|Any CPU.Build.0 = Debug|Any CPU
		{1C34B31A-47F9-4191-A92E-060952DB3A48}.Release|Any CPU.ActiveCfg = Release|Any CPU
		{1C34B31A-47F9-4191-A92E-060952DB3A48}.Release|Any CPU.Build.0 = Release|Any CPU
		{290185D9-4CC5-4124-A719-FBBD7D245D49}.Debug|Any CPU.ActiveCfg = Debug|Any CPU
		{290185D9-4CC5-4124-A719-FBBD7D245D49}.Debug|Any CPU.Build.0 = Debug|Any CPU
		{290185D9-4CC5-4124-A719-FBBD7D245D49}.Release|Any CPU.ActiveCfg = Release|Any CPU
		{290185D9-4CC5-4124-A719-FBBD7D245D49}.Release|Any CPU.Build.0 = Release|Any CPU
		{2B12D7DE-FF02-4F84-875A-BCE61F1CF278}.Debug|Any CPU.ActiveCfg = Debug|Any CPU
		{2B12D7DE-FF02-4F84-875A-BCE61F1CF278}.Debug|Any CPU.Build.0 = Debug|Any CPU
		{2B12D7DE-FF02-4F84-875A-BCE61F1CF278}.Release|Any CPU.ActiveCfg = Release|Any CPU
		{2B12D7DE-FF02-4F84-875A-BCE61F1CF278}.Release|Any CPU.Build.0 = Release|Any CPU
	EndGlobalSection
	GlobalSection(SolutionProperties) = preSolution
		HideSolutionNode = FALSE
	EndGlobalSection
	GlobalSection(ExtensibilityGlobals) = postSolution
		SolutionGuid = {AAE4CE89-F6F1-4B06-95F1-FADACFE4990A}
	EndGlobalSection
EndGlobal
